{
  "name": "material",
  "version": "1.5.0",
  "lockfileVersion": 1,
  "requires": true,
  "dependencies": {
    "@uirouter/angularjs": {
      "version": "1.0.18",
      "resolved": "https://registry.npmjs.org/@uirouter/angularjs/-/angularjs-1.0.18.tgz",
      "integrity": "sha512-tswhwMMBDnbGOZnnCVpnA0pbd7dXkBck1HO0WY7fw8GO3dKbWAAc/rL0479dLypR89UDDGym5leTvZCLW4cJnA==",
      "requires": {
        "@uirouter/core": "5.0.19"
      }
    },
    "@uirouter/core": {
      "version": "5.0.19",
      "resolved": "https://registry.npmjs.org/@uirouter/core/-/core-5.0.19.tgz",
      "integrity": "sha512-wow+CKRThUAQkiTLNQCBsKQIU3NbH8GGH/w/TrcjKdvkZQA2jQB9QSqmmZxj7XNoZXY7QVcSSc4DWmxuSeAWmQ=="
    },
    "angular": {
      "version": "1.7.2",
      "resolved": "https://registry.npmjs.org/angular/-/angular-1.7.2.tgz",
      "integrity": "sha512-JcKKJbBdybUsmQ6x1M3xWyTYQ/ioVKJhSByEAjqrhmlOfvMFdhfMqAx5KIo8rLGk4DFolYPcCSgssjgTVjCtRQ=="
    },
    "angular-animate": {
      "version": "1.7.2",
      "resolved": "https://registry.npmjs.org/angular-animate/-/angular-animate-1.7.2.tgz",
      "integrity": "sha512-/MQL2FEFXhdzFUKJ9AJq6gAYz3YGsh2xHTztuQKY5FkqjEBpF5YGypgprTz153P7t51T8nFqLsG8jwkpRdM6gg=="
    },
    "angular-aria": {
      "version": "1.7.2",
      "resolved": "https://registry.npmjs.org/angular-aria/-/angular-aria-1.7.2.tgz",
      "integrity": "sha512-tnra11eAHwwMCgWg6Uo9WKZPXF6u4NcpK8xOfYbSWKdTil4aQjUwvEJWBp6r7h312oeIF1lb6hjXOYFg0PUsYw=="
    },
    "angular-material": {
      "version": "1.1.10",
      "resolved": "https://registry.npmjs.org/angular-material/-/angular-material-1.1.10.tgz",
      "integrity": "sha512-LfBt5a1AVPbtsFzbmAyyZj90Gtc1U94OGtfMEauGzwsfqTnbH/y/9dtndH84N9S65wXkBoBe3VG6kfyoQSeCVw=="
    },
    "angular-material-data-table": {
      "version": "0.10.10",
      "resolved": "https://registry.npmjs.org/angular-material-data-table/-/angular-material-data-table-0.10.10.tgz",
      "integrity": "sha1-IptAJ0XsGhRvB9qNHlJr5lQISe4="
    },
    "angular-messages": {
      "version": "1.7.2",
      "resolved": "https://registry.npmjs.org/angular-messages/-/angular-messages-1.7.2.tgz",
      "integrity": "sha512-hLBZAApHpemfTN3IsItSczrLVm+6sAIn9XRV5PEFKBmfqE1umAmPAeFByfy9DLebJyR17rcFQ5qMj/KZk0ZtBA=="
    },
    "angular-sanitize": {
      "version": "1.7.2",
      "resolved": "https://registry.npmjs.org/angular-sanitize/-/angular-sanitize-1.7.2.tgz",
      "integrity": "sha512-8XmhwhT+TwnLzz4VMq9kIqj9b2aBt4lgYWRw9s+Q8ysx0z/glDcnoPxMrlR/dXItlww8NM/1pscgO1bGVGdiXA=="
    },
    "angular-scroll": {
      "version": "1.0.2",
      "resolved": "https://registry.npmjs.org/angular-scroll/-/angular-scroll-1.0.2.tgz",
      "integrity": "sha1-J2j/NdvhzkDgw/vt1FNIiCmcPi0="
    },
    "angular-translate": {
      "version": "2.18.1",
      "resolved": "https://registry.npmjs.org/angular-translate/-/angular-translate-2.18.1.tgz",
      "integrity": "sha512-Mw0kFBqsv5j8ItL9IhRZunIlVmIRW6iFsiTmRs9wGr2QTt8z4rehYlWyHos8qnXc/kyOYJiW50iH50CSNHGB9A==",
      "requires": {
        "angular": "1.7.2"
      }
    },
    "angular-translate-loader-static-files": {
      "version": "2.18.1",
      "resolved": "https://registry.npmjs.org/angular-translate-loader-static-files/-/angular-translate-loader-static-files-2.18.1.tgz",
      "integrity": "sha512-5MuyzAROfc493kjLjKlLGLBzXiRmZIFbcWZGutDRxW5SRXSpwrH0u0hh0ENNnUyUQbe2vUspHNPIuZqlq8qIhw==",
      "requires": {
        "angular-translate": "2.18.1"
      }
    },
    "angular-validation-match": {
      "version": "1.9.0",
      "resolved": "https://registry.npmjs.org/angular-validation-match/-/angular-validation-match-1.9.0.tgz",
      "integrity": "sha1-A9gtC5g78iNmxdIqDCkXMWJdz4A=",
      "requires": {
        "angular": "1.7.2"
      }
    },
    "angular-wizard": {
      "version": "1.1.1",
      "resolved": "https://registry.npmjs.org/angular-wizard/-/angular-wizard-1.1.1.tgz",
      "integrity": "sha1-bjaZGuhea+LMnRTxyOcD/pxCiIw="
    },
    "bootstrap": {
      "version": "3.4.1",
      "resolved": "https://registry.npmjs.org/bootstrap/-/bootstrap-3.4.1.tgz",
      "integrity": "sha512-yN5oZVmRCwe5aKwzRj6736nSmKDX7pLYwsXiCj/EYmo16hODaBiT4En5btW/jhBF/seV+XMx3aYwukYC3A49DA==",
      "dev": true
    },
    "echarts": {
      "version": "3.7.0",
      "resolved": "https://registry.npmjs.org/echarts/-/echarts-3.7.0.tgz",
      "integrity": "sha1-edIbKnvhikP2o/GfjA7AfCz0o9w=",
      "requires": {
        "zrender": "3.7.4"
      }
    },
    "font-awesome": {
      "version": "4.7.0",
      "resolved": "https://registry.npmjs.org/font-awesome/-/font-awesome-4.7.0.tgz",
      "integrity": "sha1-j6jPBBGhoxr9B7BtKQK7n8gVoTM="
    },
    "jquery": {
      "version": "3.3.1",
      "resolved": "https://registry.npmjs.org/jquery/-/jquery-3.3.1.tgz",
      "integrity": "sha512-Ubldcmxp5np52/ENotGxlLe6aGMvmF4R8S6tZjsP6Knsaxd/xp3Zrh50cG93lR6nPXyUFwzN3ZSOQI0wRJNdGg=="
    },
    "jquery-slimscroll": {
      "version": "1.3.8",
      "resolved": "https://registry.npmjs.org/jquery-slimscroll/-/jquery-slimscroll-1.3.8.tgz",
      "integrity": "sha1-hIHETnpHaHZTkIoo9/cK7WTITjY=",
      "requires": {
        "jquery": "3.3.1"
      }
    },
    "ngmap": {
      "version": "1.18.4",
      "resolved": "https://registry.npmjs.org/ngmap/-/ngmap-1.18.4.tgz",
      "integrity": "sha1-jzbY6EDaaCnOXUDl10e3DEo6yDM="
    },
    "oclazyload": {
      "version": "1.1.0",
      "resolved": "https://registry.npmjs.org/oclazyload/-/oclazyload-1.1.0.tgz",
      "integrity": "sha1-qYBzIvGQggqBwCLy7xcB0DbYPoc="
    },
    "webfontloader": {
      "version": "1.6.28",
      "resolved": "https://registry.npmjs.org/webfontloader/-/webfontloader-1.6.28.tgz",
      "integrity": "sha1-23hhKSU8tujq5UwvsF+HCvZnW64="
    },
    "zrender": {
      "version": "3.7.4",
      "resolved": "https://registry.npmjs.org/zrender/-/zrender-3.7.4.tgz",
      "integrity": "sha512-5Nz7+L1wIoL0+Pp/iOP56jD6eD017qC9VRSgUBheXBiAHgOBJZ4uh4/g6e83acIwa8RKSyZf/FlceKu5ntUuxQ=="
    }
  }
}
